
Microsoft Visual Studio Solution File, Format Version 12.00
# Visual Studio Version 17
VisualStudioVersion = 17.4.33122.133
MinimumVisualStudioVersion = 10.0.40219.1
Project("{FAE04EC0-301F-11D3-BF4B-00C04F79EFBC}") = "Railway_Reservation", "Railway_Reservation\Railway_Reservation.csproj", "{B8409BB4-B71E-4771-9F4D-31D9F521336F}"
EndProject
Global
	GlobalSection(SolutionConfigurationPlatforms) = preSolution
		Debug|Any CPU = Debug|Any CPU
		Release|Any CPU = Release|Any CPU
	EndGlobalSection
	GlobalSection(ProjectConfigurationPlatforms) = postSolution
		{B8409BB4-B71E-4771-9F4D-31D9F521336F}.Debug|Any CPU.ActiveCfg = Debug|Any CPU
		{B8409BB4-B71E-4771-9F4D-31D9F521336F}.Debug|Any CPU.Build.0 = Debug|Any CPU
		{B8409BB4-B71E-4771-9F4D-31D9F521336F}.Release|Any CPU.ActiveCfg = Release|Any CPU
		{B8409BB4-B71E-4771-9F4D-31D9F521336F}.Release|Any CPU.Build.0 = Release|Any CPU
	EndGlobalSection
	GlobalSection(SolutionProperties) = preSolution
		HideSolutionNode = FALSE
	EndGlobalSection
	GlobalSection(ExtensibilityGlobals) = postSolution
		SolutionGuid = {B73DD6A6-2536-4695-B08D-0CA548E1CEC1}
	EndGlobalSection
EndGlobal
